
Microsoft Visual Studio Solution File, Format Version 12.00
# Visual Studio Version 17
VisualStudioVersion = 17.5.002.0
MinimumVisualStudioVersion = 10.0.40219.1
Project("{9A19103F-16F7-4668-BE54-9A1E7A4F7556}") = "MC TwoToFour - Endpoints", "MC TwoToFour - Endpoints.csproj", "{E7F58216-9411-49D6-AA94-CFEF17CB4A0D}"
EndProject
Global
	GlobalSection(SolutionConfigurationPlatforms) = preSolution
		Debug|Any CPU = Debug|Any CPU
		Release|Any CPU = Release|Any CPU
	EndGlobalSection
	GlobalSection(ProjectConfigurationPlatforms) = postSolution
		{E7F58216-9411-49D6-AA94-CFEF17CB4A0D}.Debug|Any CPU.ActiveCfg = Debug|Any CPU
		{E7F58216-9411-49D6-AA94-CFEF17CB4A0D}.Debug|Any CPU.Build.0 = Debug|Any CPU
		{E7F58216-9411-49D6-AA94-CFEF17CB4A0D}.Release|Any CPU.ActiveCfg = Release|Any CPU
		{E7F58216-9411-49D6-AA94-CFEF17CB4A0D}.Release|Any CPU.Build.0 = Release|Any CPU
	EndGlobalSection
	GlobalSection(SolutionProperties) = preSolution
		HideSolutionNode = FALSE
	EndGlobalSection
	GlobalSection(ExtensibilityGlobals) = postSolution
		SolutionGuid = {F5369C9E-8278-44B1-A6BE-9FB74761D4D6}
	EndGlobalSection
EndGlobal
